// !$*UTF8*$!
{
	archiveVersion = 1;
	classes = {
	};
	objectVersion = 77;
	objects = {

/* Begin PBXContainerItemProxy section */
		FABCCF1F2D5D2C1F00A77753 /* PBXContainerItemProxy */ = {
			isa = PBXContainerItemProxy;
			containerPortal = FABCCF062D5D2C1D00A77753 /* Project object */;
			proxyType = 1;
			remoteGlobalIDString = FABCCF0D2D5D2C1D00A77753;
			remoteInfo = project_medusa;
		};
		FABCCF292D5D2C1F00A77753 /* PBXContainerItemProxy */ = {
			isa = PBXContainerItemProxy;
			containerPortal = FABCCF062D5D2C1D00A77753 /* Project object */;
			proxyType = 1;
			remoteGlobalIDString = FABCCF0D2D5D2C1D00A77753;
			remoteInfo = project_medusa;
		};
/* End PBXContainerItemProxy section */

/* Begin PBXFileReference section */
		FABCCF0E2D5D2C1D00A77753 /* project_medusa.app */ = {isa = PBXFileReference; explicitFileType = wrapper.application; includeInIndex = 0; path = project_medusa.app; sourceTree = BUILT_PRODUCTS_DIR; };
		FABCCF1E2D5D2C1F00A77753 /* project_medusaTests.xctest */ = {isa = PBXFileReference; explicitFileType = wrapper.cfbundle; includeInIndex = 0; path = project_medusaTests.xctest; sourceTree = BUILT_PRODUCTS_DIR; };
		FABCCF282D5D2C1F00A77753 /* project_medusaUITests.xctest */ = {isa = PBXFileReference; explicitFileType = wrapper.cfbundle; includeInIndex = 0; path = project_medusaUITests.xctest; sourceTree = BUILT_PRODUCTS_DIR; };
/* End PBXFileReference section */

/* Begin PBXFileSystemSynchronizedRootGroup section */
		FABCCF102D5D2C1D00A77753 /* project_medusa */ = {
			isa = PBXFileSystemSynchronizedRootGroup;
			path = project_medusa;
			sourceTree = "<group>";
		};
		FABCCF212D5D2C1F00A77753 /* project_medusaTests */ = {
			isa = PBXFileSystemSynchronizedRootGroup;
			path = project_medusaTests;
			sourceTree = "<group>";
		};
		FABCCF2B2D5D2C1F00A77753 /* project_medusaUITests */ = {
			isa = PBXFileSystemSynchronizedRootGroup;
			path = project_medusaUITests;
			sourceTree = "<group>";
		};
/* End PBXFileSystemSynchronizedRootGroup section */

/* Begin PBXFrameworksBuildPhase section */
		FABCCF0B2D5D2C1D00A77753 /* Frameworks */ = {
			isa = PBXFrameworksBuildPhase;
			buildActionMask = 2147483647;
			files = (
			);
			runOnlyForDeploymentPostprocessing = 0;
		};
		FABCCF1B2D5D2C1F00A77753 /* Frameworks */ = {
			isa = PBXFrameworksBuildPhase;
			buildActionMask = 2147483647;
			files = (
			);
			runOnlyForDeploymentPostprocessing = 0;
		};
		FABCCF252D5D2C1F00A77753 /* Frameworks */ = {
			isa = PBXFrameworksBuildPhase;
			buildActionMask = 2147483647;
			files = (
			);
			runOnlyForDeploymentPostprocessing = 0;
		};
/* End PBXFrameworksBuildPhase section */

/* Begin PBXGroup section */
		FABCCF052D5D2C1D00A77753 = {
			isa = PBXGroup;
			children = (
				FABCCF102D5D2C1D00A77753 /* project_medusa */,
				FABCCF212D5D2C1F00A77753 /* project_medusaTests */,
				FABCCF2B2D5D2C1F00A77753 /* project_medusaUITests */,
				FABCCF0F2D5D2C1D00A77753 /* Products */,
			);
			sourceTree = "<group>";
		};
		FABCCF0F2D5D2C1D00A77753 /* Products */ = {
			isa = PBXGroup;
			children = (
				FABCCF0E2D5D2C1D00A77753 /* project_medusa.app */,
				FABCCF1E2D5D2C1F00A77753 /* project_medusaTests.xctest */,
				FABCCF282D5D2C1F00A77753 /* project_medusaUITests.xctest */,
			);
			name = Products;
			sourceTree = "<group>";
		};
/* End PBXGroup section */

/* Begin PBXNativeTarget section */
		FABCCF0D2D5D2C1D00A77753 /* project_medusa */ = {
			isa = PBXNativeTarget;
			buildConfigurationList = FABCCF322D5D2C1F00A77753 /* Build configuration list for PBXNativeTarget "project_medusa" */;
			buildPhases = (
				FABCCF0A2D5D2C1D00A77753 /* Sources */,
				FABCCF0B2D5D2C1D00A77753 /* Frameworks */,
				FABCCF0C2D5D2C1D00A77753 /* Resources */,
			);
			buildRules = (
			);
			dependencies = (
			);
			fileSystemSynchronizedGroups = (
				FABCCF102D5D2C1D00A77753 /* project_medusa */,
			);
			name = project_medusa;
			packageProductDependencies = (
			);
			productName = project_medusa;
			productReference = FABCCF0E2D5D2C1D00A77753 /* project_medusa.app */;
			productType = "com.apple.product-type.application";
		};
		FABCCF1D2D5D2C1F00A77753 /* project_medusaTests */ = {
			isa = PBXNativeTarget;
			buildConfigurationList = FABCCF352D5D2C1F00A77753 /* Build configuration list for PBXNativeTarget "project_medusaTests" */;
			buildPhases = (
				FABCCF1A2D5D2C1F00A77753 /* Sources */,
				FABCCF1B2D5D2C1F00A77753 /* Frameworks */,
				FABCCF1C2D5D2C1F00A77753 /* Resources */,
			);
			buildRules = (
			);
			dependencies = (
				FABCCF202D5D2C1F00A77753 /* PBXTargetDependency */,
			);
			fileSystemSynchronizedGroups = (
				FABCCF212D5D2C1F00A77753 /* project_medusaTests */,
			);
			name = project_medusaTests;
			packageProductDependencies = (
			);
			productName = project_medusaTests;
			productReference = FABCCF1E2D5D2C1F00A77753 /* project_medusaTests.xctest */;
			productType = "com.apple.product-type.bundle.unit-test";
		};
		FABCCF272D5D2C1F00A77753 /* project_medusaUITests */ = {
			isa = PBXNativeTarget;
			buildConfigurationList = FABCCF382D5D2C1F00A77753 /* Build configuration list for PBXNativeTarget "project_medusaUITests" */;
			buildPhases = (
				FABCCF242D5D2C1F00A77753 /* Sources */,
				FABCCF252D5D2C1F00A77753 /* Frameworks */,
				FABCCF262D5D2C1F00A77753 /* Resources */,
			);
			buildRules = (
			);
			dependencies = (
				FABCCF2A2D5D2C1F00A77753 /* PBXTargetDependency */,
			);
			fileSystemSynchronizedGroups = (
				FABCCF2B2D5D2C1F00A77753 /* project_medusaUITests */,
			);
			name = project_medusaUITests;
			packageProductDependencies = (
			);
			productName = project_medusaUITests;
			productReference = FABCCF282D5D2C1F00A77753 /* project_medusaUITests.xctest */;
			productType = "com.apple.product-type.bundle.ui-testing";
		};
/* End PBXNativeTarget section */

/* Begin PBXProject section */
		FABCCF062D5D2C1D00A77753 /* Project object */ = {
			isa = PBXProject;
			attributes = {
				BuildIndependentTargetsInParallel = 1;
				LastSwiftUpdateCheck = 1620;
				LastUpgradeCheck = 1620;
				TargetAttributes = {
					FABCCF0D2D5D2C1D00A77753 = {
						CreatedOnToolsVersion = 16.2;
					};
					FABCCF1D2D5D2C1F00A77753 = {
						CreatedOnToolsVersion = 16.2;
						TestTargetID = FABCCF0D2D5D2C1D00A77753;
					};
					FABCCF272D5D2C1F00A77753 = {
						CreatedOnToolsVersion = 16.2;
						TestTargetID = FABCCF0D2D5D2C1D00A77753;
					};
				};
			};
			buildConfigurationList = FABCCF092D5D2C1D00A77753 /* Build configuration list for PBXProject "project_medusa" */;
			developmentRegion = en;
			hasScannedForEncodings = 0;
			knownRegions = (
				en,
				Base,
			);
			mainGroup = FABCCF052D5D2C1D00A77753;
			minimizedProjectReferenceProxies = 1;
			preferredProjectObjectVersion = 77;
			productRefGroup = FABCCF0F2D5D2C1D00A77753 /* Products */;
			projectDirPath = "";
			projectRoot = "";
			targets = (
				FABCCF0D2D5D2C1D00A77753 /* project_medusa */,
				FABCCF1D2D5D2C1F00A77753 /* project_medusaTests */,
				FABCCF272D5D2C1F00A77753 /* project_medusaUITests */,
			);
		};
/* End PBXProject section */

/* Begin PBXResourcesBuildPhase section */
		FABCCF0C2D5D2C1D00A77753 /* Resources */ = {
			isa = PBXResourcesBuildPhase;
			buildActionMask = 2147483647;
			files = (
			);
			runOnlyForDeploymentPostprocessing = 0;
		};
		FABCCF1C2D5D2C1F00A77753 /* Resources */ = {
			isa = PBXResourcesBuildPhase;
			buildActionMask = 2147483647;
			files = (
			);
			runOnlyForDeploymentPostprocessing = 0;
		};
		FABCCF262D5D2C1F00A77753 /* Resources */ = {
			isa = PBXResourcesBuildPhase;
			buildActionMask = 2147483647;
			files = (
			);
			runOnlyForDeploymentPostprocessing = 0;
		};
/* End PBXResourcesBuildPhase section */

/* Begin PBXSourcesBuildPhase section */
		FABCCF0A2D5D2C1D00A77753 /* Sources */ = {
			isa = PBXSourcesBuildPhase;
			buildActionMask = 2147483647;
			files = (
			);
			runOnlyForDeploymentPostprocessing = 0;
		};
		FABCCF1A2D5D2C1F00A77753 /* Sources */ = {
			isa = PBXSourcesBuildPhase;
			buildActionMask = 2147483647;
			files = (
			);
			runOnlyForDeploymentPostprocessing = 0;
		};
		FABCCF242D5D2C1F00A77753 /* Sources */ = {
			isa = PBXSourcesBuildPhase;
			buildActionMask = 2147483647;
			files = (
			);
			runOnlyForDeploymentPostprocessing = 0;
		};
/* End PBXSourcesBuildPhase section */

/* Begin PBXTargetDependency section */
		FABCCF202D5D2C1F00A77753 /* PBXTargetDependency */ = {
			isa = PBXTargetDependency;
			target = FABCCF0D2D5D2C1D00A77753 /* project_medusa */;
			targetProxy = FABCCF1F2D5D2C1F00A77753 /* PBXContainerItemProxy */;
		};
		FABCCF2A2D5D2C1F00A77753 /* PBXTargetDependency */ = {
			isa = PBXTargetDependency;
			target = FABCCF0D2D5D2C1D00A77753 /* project_medusa */;
			targetProxy = FABCCF292D5D2C1F00A77753 /* PBXContainerItemProxy */;
		};
/* End PBXTargetDependency section */

/* Begin XCBuildConfiguration section */
		FABCCF302D5D2C1F00A77753 /* Debug */ = {
			isa = XCBuildConfiguration;
			buildSettings = {
				ALWAYS_SEARCH_USER_PATHS = NO;
				ASSETCATALOG_COMPILER_GENERATE_SWIFT_ASSET_SYMBOL_EXTENSIONS = YES;
				CLANG_ANALYZER_NONNULL = YES;
				CLANG_ANALYZER_NUMBER_OBJECT_CONVERSION = YES_AGGRESSIVE;
				CLANG_CXX_LANGUAGE_STANDARD = "gnu++20";
				CLANG_ENABLE_MODULES = YES;
				CLANG_ENABLE_OBJC_ARC = YES;
				CLANG_ENABLE_OBJC_WEAK = YES;
				CLANG_WARN_BLOCK_CAPTURE_AUTORELEASING = YES;
				CLANG_WARN_BOOL_CONVERSION = YES;
				CLANG_WARN_COMMA = YES;
				CLANG_WARN_CONSTANT_CONVERSION = YES;
				CLANG_WARN_DEPRECATED_OBJC_IMPLEMENTATIONS = YES;
				CLANG_WARN_DIRECT_OBJC_ISA_USAGE = YES_ERROR;
				CLANG_WARN_DOCUMENTATION_COMMENTS = YES;
				CLANG_WARN_EMPTY_BODY = YES;
				CLANG_WARN_ENUM_CONVERSION = YES;
				CLANG_WARN_INFINITE_RECURSION = YES;
				CLANG_WARN_INT_CONVERSION = YES;
				CLANG_WARN_NON_LITERAL_NULL_CONVERSION = YES;
				CLANG_WARN_OBJC_IMPLICIT_RETAIN_SELF = YES;
				CLANG_WARN_OBJC_LITERAL_CONVERSION = YES;
				CLANG_WARN_OBJC_ROOT_CLASS = YES_ERROR;
				CLANG_WARN_QUOTED_INCLUDE_IN_FRAMEWORK_HEADER = YES;
				CLANG_WARN_RANGE_LOOP_ANALYSIS = YES;
				CLANG_WARN_STRICT_PROTOTYPES = YES;
				CLANG_WARN_SUSPICIOUS_MOVE = YES;
				CLANG_WARN_UNGUARDED_AVAILABILITY = YES_AGGRESSIVE;
				CLANG_WARN_UNREACHABLE_CODE = YES;
				CLANG_WARN__DUPLICATE_METHOD_MATCH = YES;
				COPY_PHASE_STRIP = NO;
				DEBUG_INFORMATION_FORMAT = dwarf;
				ENABLE_STRICT_OBJC_MSGSEND = YES;
				ENABLE_TESTABILITY = YES;
				ENABLE_USER_SCRIPT_SANDBOXING = YES;
				GCC_C_LANGUAGE_STANDARD = gnu17;
				GCC_DYNAMIC_NO_PIC = NO;
				GCC_NO_COMMON_BLOCKS = YES;
				GCC_OPTIMIZATION_LEVEL = 0;
				GCC_PREPROCESSOR_DEFINITIONS = (
					"DEBUG=1",
					"$(inherited)",
				);
				GCC_WARN_64_TO_32_BIT_CONVERSION = YES;
				GCC_WARN_ABOUT_RETURN_TYPE = YES_ERROR;
				GCC_WARN_UNDECLARED_SELECTOR = YES;
				GCC_WARN_UNINITIALIZED_AUTOS = YES_AGGRESSIVE;
				GCC_WARN_UNUSED_FUNCTION = YES;
				GCC_WARN_UNUSED_VARIABLE = YES;
				IPHONEOS_DEPLOYMENT_TARGET = 18.2;
				LOCALIZATION_PREFERS_STRING_CATALOGS = YES;
				MTL_ENABLE_DEBUG_INFO = INCLUDE_SOURCE;
				MTL_FAST_MATH = YES;
				ONLY_ACTIVE_ARCH = YES;
				SDKROOT = iphoneos;
				SWIFT_ACTIVE_COMPILATION_CONDITIONS = "DEBUG $(inherited)";
				SWIFT_OPTIMIZATION_LEVEL = "-Onone";
			};
			name = Debug;
		};
		FABCCF312D5D2C1F00A77753 /* Release */ = {
			isa = XCBuildConfiguration;
			buildSettings = {
				ALWAYS_SEARCH_USER_PATHS = NO;
				ASSETCATALOG_COMPILER_GENERATE_SWIFT_ASSET_SYMBOL_EXTENSIONS = YES;
				CLANG_ANALYZER_NONNULL = YES;
				CLANG_ANALYZER_NUMBER_OBJECT_CONVERSION = YES_AGGRESSIVE;
				CLANG_CXX_LANGUAGE_STANDARD = "gnu++20";
				CLANG_ENABLE_MODULES = YES;
				CLANG_ENABLE_OBJC_ARC = YES;
				CLANG_ENABLE_OBJC_WEAK = YES;
				CLANG_WARN_BLOCK_CAPTURE_AUTORELEASING = YES;
				CLANG_WARN_BOOL_CONVERSION = YES;
				CLANG_WARN_COMMA = YES;
				CLANG_WARN_CONSTANT_CONVERSION = YES;
				CLANG_WARN_DEPRECATED_OBJC_IMPLEMENTATIONS = YES;
				CLANG_WARN_DIRECT_OBJC_ISA_USAGE = YES_ERROR;
				CLANG_WARN_DOCUMENTATION_COMMENTS = YES;
				CLANG_WARN_EMPTY_BODY = YES;
				CLANG_WARN_ENUM_CONVERSION = YES;
				CLANG_WARN_INFINITE_RECURSION = YES;
				CLANG_WARN_INT_CONVERSION = YES;
				CLANG_WARN_NON_LITERAL_NULL_CONVERSION = YES;
				CLANG_WARN_OBJC_IMPLICIT_RETAIN_SELF = YES;
				CLANG_WARN_OBJC_LITERAL_CONVERSION = YES;
				CLANG_WARN_OBJC_ROOT_CLASS = YES_ERROR;
				CLANG_WARN_QUOTED_INCLUDE_IN_FRAMEWORK_HEADER = YES;
				CLANG_WARN_RANGE_LOOP_ANALYSIS = YES;
				CLANG_WARN_STRICT_PROTOTYPES = YES;
				CLANG_WARN_SUSPICIOUS_MOVE = YES;
				CLANG_WARN_UNGUARDED_AVAILABILITY = YES_AGGRESSIVE;
				CLANG_WARN_UNREACHABLE_CODE = YES;
				CLANG_WARN__DUPLICATE_METHOD_MATCH = YES;
				COPY_PHASE_STRIP = NO;
				DEBUG_INFORMATION_FORMAT = "dwarf-with-dsym";
				ENABLE_NS_ASSERTIONS = NO;
				ENABLE_STRICT_OBJC_MSGSEND = YES;
				ENABLE_USER_SCRIPT_SANDBOXING = YES;
				GCC_C_LANGUAGE_STANDARD = gnu17;
				GCC_NO_COMMON_BLOCKS = YES;
				GCC_WARN_64_TO_32_BIT_CONVERSION = YES;
				GCC_WARN_ABOUT_RETURN_TYPE = YES_ERROR;
				GCC_WARN_UNDECLARED_SELECTOR = YES;
				GCC_WARN_UNINITIALIZED_AUTOS = YES_AGGRESSIVE;
				GCC_WARN_UNUSED_FUNCTION = YES;
				GCC_WARN_UNUSED_VARIABLE = YES;
				IPHONEOS_DEPLOYMENT_TARGET = 18.2;
				LOCALIZATION_PREFERS_STRING_CATALOGS = YES;
				MTL_ENABLE_DEBUG_INFO = NO;
				MTL_FAST_MATH = YES;
				SDKROOT = iphoneos;
				SWIFT_COMPILATION_MODE = wholemodule;
				VALIDATE_PRODUCT = YES;
			};
			name = Release;
		};
		FABCCF332D5D2C1F00A77753 /* Debug */ = {
			isa = XCBuildConfiguration;
			buildSettings = {
				ASSETCATALOG_COMPILER_APPICON_NAME = AppIcon;
				ASSETCATALOG_COMPILER_GLOBAL_ACCENT_COLOR_NAME = AccentColor;
				CODE_SIGN_STYLE = Automatic;
				CURRENT_PROJECT_VERSION = 1;
				DEVELOPMENT_ASSET_PATHS = "\"project_medusa/Preview Content\"";
				DEVELOPMENT_TEAM = WL2KNG8MVT;
				ENABLE_PREVIEWS = YES;
				GENERATE_INFOPLIST_FILE = YES;
				INFOPLIST_KEY_UIApplicationSceneManifest_Generation = YES;
				INFOPLIST_KEY_UIApplicationSupportsIndirectInputEvents = YES;
				INFOPLIST_KEY_UILaunchScreen_Generation = YES;
				INFOPLIST_KEY_UISupportedInterfaceOrientations_iPad = "UIInterfaceOrientationPortrait UIInterfaceOrientationPortraitUpsideDown UIInterfaceOrientationLandscapeLeft UIInterfaceOrientationLandscapeRight";
				INFOPLIST_KEY_UISupportedInterfaceOrientations_iPhone = "UIInterfaceOrientationPortrait UIInterfaceOrientationLandscapeLeft UIInterfaceOrientationLandscapeRight";
				LD_RUNPATH_SEARCH_PATHS = (
					"$(inherited)",
					"@executable_path/Frameworks",
				);
				MARKETING_VERSION = 1.0;
				PRODUCT_BUNDLE_IDENTIFIER = "com.project-medusa";
				PRODUCT_NAME = "$(TARGET_NAME)";
				SWIFT_EMIT_LOC_STRINGS = YES;
				SWIFT_VERSION = 5.0;
				TARGETED_DEVICE_FAMILY = "1,2";
			};
			name = Debug;
		};
		FABCCF342D5D2C1F00A77753 /* Release */ = {
			isa = XCBuildConfiguration;
			buildSettings = {
				ASSETCATALOG_COMPILER_APPICON_NAME = AppIcon;
				ASSETCATALOG_COMPILER_GLOBAL_ACCENT_COLOR_NAME = AccentColor;
				CODE_SIGN_STYLE = Automatic;
				CURRENT_PROJECT_VERSION = 1;
				DEVELOPMENT_ASSET_PATHS = "\"project_medusa/Preview Content\"";
				DEVELOPMENT_TEAM = WL2KNG8MVT;
				ENABLE_PREVIEWS = YES;
				GENERATE_INFOPLIST_FILE = YES;
				INFOPLIST_KEY_UIApplicationSceneManifest_Generation = YES;
				INFOPLIST_KEY_UIApplicationSupportsIndirectInputEvents = YES;
				INFOPLIST_KEY_UILaunchScreen_Generation = YES;
				INFOPLIST_KEY_UISupportedInterfaceOrientations_iPad = "UIInterfaceOrientationPortrait UIInterfaceOrientationPortraitUpsideDown UIInterfaceOrientationLandscapeLeft UIInterfaceOrientationLandscapeRight";
				INFOPLIST_KEY_UISupportedInterfaceOrientations_iPhone = "UIInterfaceOrientationPortrait UIInterfaceOrientationLandscapeLeft UIInterfaceOrientationLandscapeRight";
				LD_RUNPATH_SEARCH_PATHS = (
					"$(inherited)",
					"@executable_path/Frameworks",
				);
				MARKETING_VERSION = 1.0;
				PRODUCT_BUNDLE_IDENTIFIER = "com.project-medusa";
				PRODUCT_NAME = "$(TARGET_NAME)";
				SWIFT_EMIT_LOC_STRINGS = YES;
				SWIFT_VERSION = 5.0;
				TARGETED_DEVICE_FAMILY = "1,2";
			};
			name = Release;
		};
		FABCCF362D5D2C1F00A77753 /* Debug */ = {
			isa = XCBuildConfiguration;
			buildSettings = {
				BUNDLE_LOADER = "$(TEST_HOST)";
				CODE_SIGN_STYLE = Automatic;
				CURRENT_PROJECT_VERSION = 1;
				DEVELOPMENT_TEAM = WL2KNG8MVT;
				GENERATE_INFOPLIST_FILE = YES;
				IPHONEOS_DEPLOYMENT_TARGET = 18.2;
				MARKETING_VERSION = 1.0;
				PRODUCT_BUNDLE_IDENTIFIER = "com.project-medusaTests";
				PRODUCT_NAME = "$(TARGET_NAME)";
				SWIFT_EMIT_LOC_STRINGS = NO;
				SWIFT_VERSION = 5.0;
				TARGETED_DEVICE_FAMILY = "1,2";
				TEST_HOST = "$(BUILT_PRODUCTS_DIR)/project_medusa.app/$(BUNDLE_EXECUTABLE_FOLDER_PATH)/project_medusa";
			};
			name = Debug;
		};
		FABCCF372D5D2C1F00A77753 /* Release */ = {
			isa = XCBuildConfiguration;
			buildSettings = {
				BUNDLE_LOADER = "$(TEST_HOST)";
				CODE_SIGN_STYLE = Automatic;
				CURRENT_PROJECT_VERSION = 1;
				DEVELOPMENT_TEAM = WL2KNG8MVT;
				GENERATE_INFOPLIST_FILE = YES;
				IPHONEOS_DEPLOYMENT_TARGET = 18.2;
				MARKETING_VERSION = 1.0;
				PRODUCT_BUNDLE_IDENTIFIER = "com.project-medusaTests";
				PRODUCT_NAME = "$(TARGET_NAME)";
				SWIFT_EMIT_LOC_STRINGS = NO;
				SWIFT_VERSION = 5.0;
				TARGETED_DEVICE_FAMILY = "1,2";
				TEST_HOST = "$(BUILT_PRODUCTS_DIR)/project_medusa.app/$(BUNDLE_EXECUTABLE_FOLDER_PATH)/project_medusa";
			};
			name = Release;
		};
		FABCCF392D5D2C1F00A77753 /* Debug */ = {
			isa = XCBuildConfiguration;
			buildSettings = {
				CODE_SIGN_STYLE = Automatic;
				CURRENT_PROJECT_VERSION = 1;
				DEVELOPMENT_TEAM = WL2KNG8MVT;
				GENERATE_INFOPLIST_FILE = YES;
				MARKETING_VERSION = 1.0;
				PRODUCT_BUNDLE_IDENTIFIER = "com.project-medusaUITests";
				PRODUCT_NAME = "$(TARGET_NAME)";
				SWIFT_EMIT_LOC_STRINGS = NO;
				SWIFT_VERSION = 5.0;
				TARGETED_DEVICE_FAMILY = "1,2";
				TEST_TARGET_NAME = project_medusa;
			};
			name = Debug;
		};
		FABCCF3A2D5D2C1F00A77753 /* Release */ = {
			isa = XCBuildConfiguration;
			buildSettings = {
				CODE_SIGN_STYLE = Automatic;
				CURRENT_PROJECT_VERSION = 1;
				DEVELOPMENT_TEAM = WL2KNG8MVT;
				GENERATE_INFOPLIST_FILE = YES;
				MARKETING_VERSION = 1.0;
				PRODUCT_BUNDLE_IDENTIFIER = "com.project-medusaUITests";
				PRODUCT_NAME = "$(TARGET_NAME)";
				SWIFT_EMIT_LOC_STRINGS = NO;
				SWIFT_VERSION = 5.0;
				TARGETED_DEVICE_FAMILY = "1,2";
				TEST_TARGET_NAME = project_medusa;
			};
			name = Release;
		};
/* End XCBuildConfiguration section */

/* Begin XCConfigurationList section */
		FABCCF092D5D2C1D00A77753 /* Build configuration list for PBXProject "project_medusa" */ = {
			isa = XCConfigurationList;
			buildConfigurations = (
				FABCCF302D5D2C1F00A77753 /* Debug */,
				FABCCF312D5D2C1F00A77753 /* Release */,
			);
			defaultConfigurationIsVisible = 0;
			defaultConfigurationName = Release;
		};
		FABCCF322D5D2C1F00A77753 /* Build configuration list for PBXNativeTarget "project_medusa" */ = {
			isa = XCConfigurationList;
			buildConfigurations = (
				FABCCF332D5D2C1F00A77753 /* Debug */,
				FABCCF342D5D2C1F00A77753 /* Release */,
			);
			defaultConfigurationIsVisible = 0;
			defaultConfigurationName = Release;
		};
		FABCCF352D5D2C1F00A77753 /* Build configuration list for PBXNativeTarget "project_medusaTests" */ = {
			isa = XCConfigurationList;
			buildConfigurations = (
				FABCCF362D5D2C1F00A77753 /* Debug */,
				FABCCF372D5D2C1F00A77753 /* Release */,
			);
			defaultConfigurationIsVisible = 0;
			defaultConfigurationName = Release;
		};
		FABCCF382D5D2C1F00A77753 /* Build configuration list for PBXNativeTarget "project_medusaUITests" */ = {
			isa = XCConfigurationList;
			buildConfigurations = (
				FABCCF392D5D2C1F00A77753 /* Debug */,
				FABCCF3A2D5D2C1F00A77753 /* Release */,
			);
			defaultConfigurationIsVisible = 0;
			defaultConfigurationName = Release;
		};
/* End XCConfigurationList section */
	};
	rootObject = FABCCF062D5D2C1D00A77753 /* Project object */;
}
